Microsoft Visual Studio Solution File, Format Version 12.00
# Visual Studio 16
Project("{2150E333-8FDC-42A3-9474-1A3956D46DE8}") = "CMakePredefinedTargets", "CMakePredefinedTargets", "{1AF61A1C-3851-391C-AC33-F9DC87694587}"
EndProject
Project("{2150E333-8FDC-42A3-9474-1A3956D46DE8}") = "External", "External", "{C5B9F788-213F-399A-BF5F-5A71DA499EC8}"
EndProject
Project("{2150E333-8FDC-42A3-9474-1A3956D46DE8}") = "Internal", "Internal", "{BEBF161D-E375-3795-9DDA-F97DE5B5CB50}"
EndProject
Project("{8BC9CEB8-8B4A-11D0-8D11-00A0C91BC942}") = "ALL_BUILD", "ALL_BUILD.vcxproj", "{F9B600F6-3B40-361B-A2E8-40E2EDA72DB9}"
	ProjectSection(ProjectDependencies) = postProject
		{13548FC9-489A-3759-8A06-D1C0F8726D1E} = {13548FC9-489A-3759-8A06-D1C0F8726D1E}
		{EA004875-7CD2-346B-88B7-83A1D50D3155} = {EA004875-7CD2-346B-88B7-83A1D50D3155}
		{A5FB5280-5094-34DA-BF1B-82315935E1C8} = {A5FB5280-5094-34DA-BF1B-82315935E1C8}
		{873DAB1E-AF00-3A45-B51F-B11AEB0AC7D7} = {873DAB1E-AF00-3A45-B51F-B11AEB0AC7D7}
		{8E73323F-7401-3627-969A-2AFB36304692} = {8E73323F-7401-3627-969A-2AFB36304692}
		{3049B71A-F81D-313C-95C4-F7BB7624BFC2} = {3049B71A-F81D-313C-95C4-F7BB7624BFC2}
		{801B09BC-3799-33AF-B78D-2498D1593B3D} = {801B09BC-3799-33AF-B78D-2498D1593B3D}
		{691EADB9-AC94-385E-B57E-F442F11D63A3} = {691EADB9-AC94-385E-B57E-F442F11D63A3}
		{1A0831D4-0FF3-3C83-A13E-A8DA93BC57C0} = {1A0831D4-0FF3-3C83-A13E-A8DA93BC57C0}
		{AB38C93A-9287-3EEA-BAC5-9AC6B8D24887} = {AB38C93A-9287-3EEA-BAC5-9AC6B8D24887}
		{A4F44B52-5E7A-30C4-935B-B4D53F2F94B7} = {A4F44B52-5E7A-30C4-935B-B4D53F2F94B7}
		{CEFB1795-F987-33C4-988E-A61FDDD57F51} = {CEFB1795-F987-33C4-988E-A61FDDD57F51}
		{6C11299E-2444-3BD3-8CAA-AC2A24120539} = {6C11299E-2444-3BD3-8CAA-AC2A24120539}
		{4D1F77CD-B302-3883-A56B-B27DDFB63B93} = {4D1F77CD-B302-3883-A56B-B27DDFB63B93}
	EndProjectSection
EndProject
Project("{8BC9CEB8-8B4A-11D0-8D11-00A0C91BC942}") = "ZERO_CHECK", "ZERO_CHECK.vcxproj", "{13548FC9-489A-3759-8A06-D1C0F8726D1E}"
	ProjectSection(ProjectDependencies) = postProject
	EndProjectSection
EndProject
Project("{8BC9CEB8-8B4A-11D0-8D11-00A0C91BC942}") = "cocos2d", "engine\cocos\core\cocos2d.vcxproj", "{EA004875-7CD2-346B-88B7-83A1D50D3155}"
	ProjectSection(ProjectDependencies) = postProject
		{13548FC9-489A-3759-8A06-D1C0F8726D1E} = {13548FC9-489A-3759-8A06-D1C0F8726D1E}
		{A5FB5280-5094-34DA-BF1B-82315935E1C8} = {A5FB5280-5094-34DA-BF1B-82315935E1C8}
		{873DAB1E-AF00-3A45-B51F-B11AEB0AC7D7} = {873DAB1E-AF00-3A45-B51F-B11AEB0AC7D7}
		{8E73323F-7401-3627-969A-2AFB36304692} = {8E73323F-7401-3627-969A-2AFB36304692}
		{3049B71A-F81D-313C-95C4-F7BB7624BFC2} = {3049B71A-F81D-313C-95C4-F7BB7624BFC2}
		{801B09BC-3799-33AF-B78D-2498D1593B3D} = {801B09BC-3799-33AF-B78D-2498D1593B3D}
		{691EADB9-AC94-385E-B57E-F442F11D63A3} = {691EADB9-AC94-385E-B57E-F442F11D63A3}
		{1A0831D4-0FF3-3C83-A13E-A8DA93BC57C0} = {1A0831D4-0FF3-3C83-A13E-A8DA93BC57C0}
		{AB38C93A-9287-3EEA-BAC5-9AC6B8D24887} = {AB38C93A-9287-3EEA-BAC5-9AC6B8D24887}
		{A4F44B52-5E7A-30C4-935B-B4D53F2F94B7} = {A4F44B52-5E7A-30C4-935B-B4D53F2F94B7}
		{CEFB1795-F987-33C4-988E-A61FDDD57F51} = {CEFB1795-F987-33C4-988E-A61FDDD57F51}
		{6C11299E-2444-3BD3-8CAA-AC2A24120539} = {6C11299E-2444-3BD3-8CAA-AC2A24120539}
	EndProjectSection
EndProject
Project("{8BC9CEB8-8B4A-11D0-8D11-00A0C91BC942}") = "ext_clipper", "engine\external\clipper\ext_clipper.vcxproj", "{A5FB5280-5094-34DA-BF1B-82315935E1C8}"
	ProjectSection(ProjectDependencies) = postProject
		{13548FC9-489A-3759-8A06-D1C0F8726D1E} = {13548FC9-489A-3759-8A06-D1C0F8726D1E}
	EndProjectSection
EndProject
Project("{8BC9CEB8-8B4A-11D0-8D11-00A0C91BC942}") = "ext_convertUTF", "engine\external\ConvertUTF\ext_convertUTF.vcxproj", "{873DAB1E-AF00-3A45-B51F-B11AEB0AC7D7}"
	ProjectSection(ProjectDependencies) = postProject
		{13548FC9-489A-3759-8A06-D1C0F8726D1E} = {13548FC9-489A-3759-8A06-D1C0F8726D1E}
	EndProjectSection
EndProject
Project("{8BC9CEB8-8B4A-11D0-8D11-00A0C91BC942}") = "ext_edtaa3func", "engine\external\edtaa3func\ext_edtaa3func.vcxproj", "{8E73323F-7401-3627-969A-2AFB36304692}"
	ProjectSection(ProjectDependencies) = postProject
		{13548FC9-489A-3759-8A06-D1C0F8726D1E} = {13548FC9-489A-3759-8A06-D1C0F8726D1E}
	EndProjectSection
EndProject
Project("{8BC9CEB8-8B4A-11D0-8D11-00A0C91BC942}") = "ext_md5", "engine\external\md5\ext_md5.vcxproj", "{3049B71A-F81D-313C-95C4-F7BB7624BFC2}"
	ProjectSection(ProjectDependencies) = postProject
		{13548FC9-489A-3759-8A06-D1C0F8726D1E} = {13548FC9-489A-3759-8A06-D1C0F8726D1E}
	EndProjectSection
EndProject
Project("{8BC9CEB8-8B4A-11D0-8D11-00A0C91BC942}") = "ext_poly2tri", "engine\external\poly2tri\ext_poly2tri.vcxproj", "{801B09BC-3799-33AF-B78D-2498D1593B3D}"
	ProjectSection(ProjectDependencies) = postProject
		{13548FC9-489A-3759-8A06-D1C0F8726D1E} = {13548FC9-489A-3759-8A06-D1C0F8726D1E}
	EndProjectSection
EndProject
Project("{8BC9CEB8-8B4A-11D0-8D11-00A0C91BC942}") = "ext_recast", "engine\external\recast\ext_recast.vcxproj", "{691EADB9-AC94-385E-B57E-F442F11D63A3}"
	ProjectSection(ProjectDependencies) = postProject
		{13548FC9-489A-3759-8A06-D1C0F8726D1E} = {13548FC9-489A-3759-8A06-D1C0F8726D1E}
	EndProjectSection
EndProject
Project("{8BC9CEB8-8B4A-11D0-8D11-00A0C91BC942}") = "ext_tinyxml2", "engine\external\tinyxml2\ext_tinyxml2.vcxproj", "{1A0831D4-0FF3-3C83-A13E-A8DA93BC57C0}"
	ProjectSection(ProjectDependencies) = postProject
		{13548FC9-489A-3759-8A06-D1C0F8726D1E} = {13548FC9-489A-3759-8A06-D1C0F8726D1E}
	EndProjectSection
EndProject
Project("{8BC9CEB8-8B4A-11D0-8D11-00A0C91BC942}") = "ext_unzip", "engine\external\unzip\ext_unzip.vcxproj", "{AB38C93A-9287-3EEA-BAC5-9AC6B8D24887}"
	ProjectSection(ProjectDependencies) = postProject
		{13548FC9-489A-3759-8A06-D1C0F8726D1E} = {13548FC9-489A-3759-8A06-D1C0F8726D1E}
	EndProjectSection
EndProject
Project("{8BC9CEB8-8B4A-11D0-8D11-00A0C91BC942}") = "ext_xxhash", "engine\external\xxhash\ext_xxhash.vcxproj", "{A4F44B52-5E7A-30C4-935B-B4D53F2F94B7}"
	ProjectSection(ProjectDependencies) = postProject
		{13548FC9-489A-3759-8A06-D1C0F8726D1E} = {13548FC9-489A-3759-8A06-D1C0F8726D1E}
	EndProjectSection
EndProject
Project("{8BC9CEB8-8B4A-11D0-8D11-00A0C91BC942}") = "ext_xxtea", "engine\external\xxtea\ext_xxtea.vcxproj", "{CEFB1795-F987-33C4-988E-A61FDDD57F51}"
	ProjectSection(ProjectDependencies) = postProject
		{13548FC9-489A-3759-8A06-D1C0F8726D1E} = {13548FC9-489A-3759-8A06-D1C0F8726D1E}
	EndProjectSection
EndProject
Project("{8BC9CEB8-8B4A-11D0-8D11-00A0C91BC942}") = "external", "engine\external\external.vcxproj", "{6C11299E-2444-3BD3-8CAA-AC2A24120539}"
	ProjectSection(ProjectDependencies) = postProject
		{13548FC9-489A-3759-8A06-D1C0F8726D1E} = {13548FC9-489A-3759-8A06-D1C0F8726D1E}
		{A5FB5280-5094-34DA-BF1B-82315935E1C8} = {A5FB5280-5094-34DA-BF1B-82315935E1C8}
		{873DAB1E-AF00-3A45-B51F-B11AEB0AC7D7} = {873DAB1E-AF00-3A45-B51F-B11AEB0AC7D7}
		{8E73323F-7401-3627-969A-2AFB36304692} = {8E73323F-7401-3627-969A-2AFB36304692}
		{3049B71A-F81D-313C-95C4-F7BB7624BFC2} = {3049B71A-F81D-313C-95C4-F7BB7624BFC2}
		{801B09BC-3799-33AF-B78D-2498D1593B3D} = {801B09BC-3799-33AF-B78D-2498D1593B3D}
		{691EADB9-AC94-385E-B57E-F442F11D63A3} = {691EADB9-AC94-385E-B57E-F442F11D63A3}
		{1A0831D4-0FF3-3C83-A13E-A8DA93BC57C0} = {1A0831D4-0FF3-3C83-A13E-A8DA93BC57C0}
		{AB38C93A-9287-3EEA-BAC5-9AC6B8D24887} = {AB38C93A-9287-3EEA-BAC5-9AC6B8D24887}
		{A4F44B52-5E7A-30C4-935B-B4D53F2F94B7} = {A4F44B52-5E7A-30C4-935B-B4D53F2F94B7}
		{CEFB1795-F987-33C4-988E-A61FDDD57F51} = {CEFB1795-F987-33C4-988E-A61FDDD57F51}
	EndProjectSection
EndProject
Project("{8BC9CEB8-8B4A-11D0-8D11-00A0C91BC942}") = "helloworld", "helloworld.vcxproj", "{4D1F77CD-B302-3883-A56B-B27DDFB63B93}"
	ProjectSection(ProjectDependencies) = postProject
		{13548FC9-489A-3759-8A06-D1C0F8726D1E} = {13548FC9-489A-3759-8A06-D1C0F8726D1E}
		{EA004875-7CD2-346B-88B7-83A1D50D3155} = {EA004875-7CD2-346B-88B7-83A1D50D3155}
		{A5FB5280-5094-34DA-BF1B-82315935E1C8} = {A5FB5280-5094-34DA-BF1B-82315935E1C8}
		{873DAB1E-AF00-3A45-B51F-B11AEB0AC7D7} = {873DAB1E-AF00-3A45-B51F-B11AEB0AC7D7}
		{8E73323F-7401-3627-969A-2AFB36304692} = {8E73323F-7401-3627-969A-2AFB36304692}
		{3049B71A-F81D-313C-95C4-F7BB7624BFC2} = {3049B71A-F81D-313C-95C4-F7BB7624BFC2}
		{801B09BC-3799-33AF-B78D-2498D1593B3D} = {801B09BC-3799-33AF-B78D-2498D1593B3D}
		{691EADB9-AC94-385E-B57E-F442F11D63A3} = {691EADB9-AC94-385E-B57E-F442F11D63A3}
		{1A0831D4-0FF3-3C83-A13E-A8DA93BC57C0} = {1A0831D4-0FF3-3C83-A13E-A8DA93BC57C0}
		{AB38C93A-9287-3EEA-BAC5-9AC6B8D24887} = {AB38C93A-9287-3EEA-BAC5-9AC6B8D24887}
		{A4F44B52-5E7A-30C4-935B-B4D53F2F94B7} = {A4F44B52-5E7A-30C4-935B-B4D53F2F94B7}
		{CEFB1795-F987-33C4-988E-A61FDDD57F51} = {CEFB1795-F987-33C4-988E-A61FDDD57F51}
		{6C11299E-2444-3BD3-8CAA-AC2A24120539} = {6C11299E-2444-3BD3-8CAA-AC2A24120539}
	EndProjectSection
EndProject
Global
	GlobalSection(SolutionConfigurationPlatforms) = preSolution
		Debug|win32 = Debug|win32
		Release|win32 = Release|win32
	EndGlobalSection
	GlobalSection(ProjectConfigurationPlatforms) = postSolution
		{F9B600F6-3B40-361B-A2E8-40E2EDA72DB9}.Debug|win32.ActiveCfg = Debug|win32
		{F9B600F6-3B40-361B-A2E8-40E2EDA72DB9}.Release|win32.ActiveCfg = Release|win32
		{13548FC9-489A-3759-8A06-D1C0F8726D1E}.Debug|win32.ActiveCfg = Debug|win32
		{13548FC9-489A-3759-8A06-D1C0F8726D1E}.Debug|win32.Build.0 = Debug|win32
		{13548FC9-489A-3759-8A06-D1C0F8726D1E}.Release|win32.ActiveCfg = Release|win32
		{13548FC9-489A-3759-8A06-D1C0F8726D1E}.Release|win32.Build.0 = Release|win32
		{EA004875-7CD2-346B-88B7-83A1D50D3155}.Debug|win32.ActiveCfg = Debug|win32
		{EA004875-7CD2-346B-88B7-83A1D50D3155}.Debug|win32.Build.0 = Debug|win32
		{EA004875-7CD2-346B-88B7-83A1D50D3155}.Release|win32.ActiveCfg = Release|win32
		{EA004875-7CD2-346B-88B7-83A1D50D3155}.Release|win32.Build.0 = Release|win32
		{A5FB5280-5094-34DA-BF1B-82315935E1C8}.Debug|win32.ActiveCfg = Debug|win32
		{A5FB5280-5094-34DA-BF1B-82315935E1C8}.Debug|win32.Build.0 = Debug|win32
		{A5FB5280-5094-34DA-BF1B-82315935E1C8}.Release|win32.ActiveCfg = Release|win32
		{A5FB5280-5094-34DA-BF1B-82315935E1C8}.Release|win32.Build.0 = Release|win32
		{873DAB1E-AF00-3A45-B51F-B11AEB0AC7D7}.Debug|win32.ActiveCfg = Debug|win32
		{873DAB1E-AF00-3A45-B51F-B11AEB0AC7D7}.Debug|win32.Build.0 = Debug|win32
		{873DAB1E-AF00-3A45-B51F-B11AEB0AC7D7}.Release|win32.ActiveCfg = Release|win32
		{873DAB1E-AF00-3A45-B51F-B11AEB0AC7D7}.Release|win32.Build.0 = Release|win32
		{8E73323F-7401-3627-969A-2AFB36304692}.Debug|win32.ActiveCfg = Debug|win32
		{8E73323F-7401-3627-969A-2AFB36304692}.Debug|win32.Build.0 = Debug|win32
		{8E73323F-7401-3627-969A-2AFB36304692}.Release|win32.ActiveCfg = Release|win32
		{8E73323F-7401-3627-969A-2AFB36304692}.Release|win32.Build.0 = Release|win32
		{3049B71A-F81D-313C-95C4-F7BB7624BFC2}.Debug|win32.ActiveCfg = Debug|win32
		{3049B71A-F81D-313C-95C4-F7BB7624BFC2}.Debug|win32.Build.0 = Debug|win32
		{3049B71A-F81D-313C-95C4-F7BB7624BFC2}.Release|win32.ActiveCfg = Release|win32
		{3049B71A-F81D-313C-95C4-F7BB7624BFC2}.Release|win32.Build.0 = Release|win32
		{801B09BC-3799-33AF-B78D-2498D1593B3D}.Debug|win32.ActiveCfg = Debug|win32
		{801B09BC-3799-33AF-B78D-2498D1593B3D}.Debug|win32.Build.0 = Debug|win32
		{801B09BC-3799-33AF-B78D-2498D1593B3D}.Release|win32.ActiveCfg = Release|win32
		{801B09BC-3799-33AF-B78D-2498D1593B3D}.Release|win32.Build.0 = Release|win32
		{691EADB9-AC94-385E-B57E-F442F11D63A3}.Debug|win32.ActiveCfg = Debug|win32
		{691EADB9-AC94-385E-B57E-F442F11D63A3}.Debug|win32.Build.0 = Debug|win32
		{691EADB9-AC94-385E-B57E-F442F11D63A3}.Release|win32.ActiveCfg = Release|win32
		{691EADB9-AC94-385E-B57E-F442F11D63A3}.Release|win32.Build.0 = Release|win32
		{1A0831D4-0FF3-3C83-A13E-A8DA93BC57C0}.Debug|win32.ActiveCfg = Debug|win32
		{1A0831D4-0FF3-3C83-A13E-A8DA93BC57C0}.Debug|win32.Build.0 = Debug|win32
		{1A0831D4-0FF3-3C83-A13E-A8DA93BC57C0}.Release|win32.ActiveCfg = Release|win32
		{1A0831D4-0FF3-3C83-A13E-A8DA93BC57C0}.Release|win32.Build.0 = Release|win32
		{AB38C93A-9287-3EEA-BAC5-9AC6B8D24887}.Debug|win32.ActiveCfg = Debug|win32
		{AB38C93A-9287-3EEA-BAC5-9AC6B8D24887}.Debug|win32.Build.0 = Debug|win32
		{AB38C93A-9287-3EEA-BAC5-9AC6B8D24887}.Release|win32.ActiveCfg = Release|win32
		{AB38C93A-9287-3EEA-BAC5-9AC6B8D24887}.Release|win32.Build.0 = Release|win32
		{A4F44B52-5E7A-30C4-935B-B4D53F2F94B7}.Debug|win32.ActiveCfg = Debug|win32
		{A4F44B52-5E7A-30C4-935B-B4D53F2F94B7}.Debug|win32.Build.0 = Debug|win32
		{A4F44B52-5E7A-30C4-935B-B4D53F2F94B7}.Release|win32.ActiveCfg = Release|win32
		{A4F44B52-5E7A-30C4-935B-B4D53F2F94B7}.Release|win32.Build.0 = Release|win32
		{CEFB1795-F987-33C4-988E-A61FDDD57F51}.Debug|win32.ActiveCfg = Debug|win32
		{CEFB1795-F987-33C4-988E-A61FDDD57F51}.Debug|win32.Build.0 = Debug|win32
		{CEFB1795-F987-33C4-988E-A61FDDD57F51}.Release|win32.ActiveCfg = Release|win32
		{CEFB1795-F987-33C4-988E-A61FDDD57F51}.Release|win32.Build.0 = Release|win32
		{6C11299E-2444-3BD3-8CAA-AC2A24120539}.Debug|win32.ActiveCfg = Debug|win32
		{6C11299E-2444-3BD3-8CAA-AC2A24120539}.Debug|win32.Build.0 = Debug|win32
		{6C11299E-2444-3BD3-8CAA-AC2A24120539}.Release|win32.ActiveCfg = Release|win32
		{6C11299E-2444-3BD3-8CAA-AC2A24120539}.Release|win32.Build.0 = Release|win32
		{4D1F77CD-B302-3883-A56B-B27DDFB63B93}.Debug|win32.ActiveCfg = Debug|win32
		{4D1F77CD-B302-3883-A56B-B27DDFB63B93}.Debug|win32.Build.0 = Debug|win32
		{4D1F77CD-B302-3883-A56B-B27DDFB63B93}.Release|win32.ActiveCfg = Release|win32
		{4D1F77CD-B302-3883-A56B-B27DDFB63B93}.Release|win32.Build.0 = Release|win32
	EndGlobalSection
	GlobalSection(NestedProjects) = preSolution
		{F9B600F6-3B40-361B-A2E8-40E2EDA72DB9} = {1AF61A1C-3851-391C-AC33-F9DC87694587}
		{13548FC9-489A-3759-8A06-D1C0F8726D1E} = {1AF61A1C-3851-391C-AC33-F9DC87694587}
		{A5FB5280-5094-34DA-BF1B-82315935E1C8} = {C5B9F788-213F-399A-BF5F-5A71DA499EC8}
		{873DAB1E-AF00-3A45-B51F-B11AEB0AC7D7} = {C5B9F788-213F-399A-BF5F-5A71DA499EC8}
		{8E73323F-7401-3627-969A-2AFB36304692} = {C5B9F788-213F-399A-BF5F-5A71DA499EC8}
		{3049B71A-F81D-313C-95C4-F7BB7624BFC2} = {C5B9F788-213F-399A-BF5F-5A71DA499EC8}
		{801B09BC-3799-33AF-B78D-2498D1593B3D} = {C5B9F788-213F-399A-BF5F-5A71DA499EC8}
		{691EADB9-AC94-385E-B57E-F442F11D63A3} = {C5B9F788-213F-399A-BF5F-5A71DA499EC8}
		{1A0831D4-0FF3-3C83-A13E-A8DA93BC57C0} = {C5B9F788-213F-399A-BF5F-5A71DA499EC8}
		{AB38C93A-9287-3EEA-BAC5-9AC6B8D24887} = {C5B9F788-213F-399A-BF5F-5A71DA499EC8}
		{A4F44B52-5E7A-30C4-935B-B4D53F2F94B7} = {C5B9F788-213F-399A-BF5F-5A71DA499EC8}
		{CEFB1795-F987-33C4-988E-A61FDDD57F51} = {C5B9F788-213F-399A-BF5F-5A71DA499EC8}
		{6C11299E-2444-3BD3-8CAA-AC2A24120539} = {C5B9F788-213F-399A-BF5F-5A71DA499EC8}
		{EA004875-7CD2-346B-88B7-83A1D50D3155} = {BEBF161D-E375-3795-9DDA-F97DE5B5CB50}
	EndGlobalSection
	GlobalSection(ExtensibilityGlobals) = postSolution
		SolutionGuid = {3538450A-3FC1-31F9-9B8A-D646A13AFCCB}
	EndGlobalSection
	GlobalSection(ExtensibilityAddIns) = postSolution
	EndGlobalSection
EndGlobal
