Microsoft Visual Studio Solution File, Format Version 12.00
# Visual Studio 16
Project("{2150E333-8FDC-42A3-9474-1A3956D46DE8}") = "CMakePredefinedTargets", "CMakePredefinedTargets", "{06DF29B1-3E01-3F4F-80F6-4CBCB82245B3}"
EndProject
Project("{2150E333-8FDC-42A3-9474-1A3956D46DE8}") = "External", "External", "{8F75D9C5-F551-355D-A671-04528B1FF1FD}"
EndProject
Project("{2150E333-8FDC-42A3-9474-1A3956D46DE8}") = "Internal", "Internal", "{232C0EB2-4A17-36BB-AF29-177D1D26A106}"
EndProject
Project("{8BC9CEB8-8B4A-11D0-8D11-00A0C91BC942}") = "ALL_BUILD", "ALL_BUILD.vcxproj", "{D2A20C47-BAFF-3C02-88FE-6360F92FA205}"
	ProjectSection(ProjectDependencies) = postProject
		{1DB54725-7706-39CE-850B-4D76499621D0} = {1DB54725-7706-39CE-850B-4D76499621D0}
		{E7D66A06-7C7B-3562-A832-F6BA5D37DA52} = {E7D66A06-7C7B-3562-A832-F6BA5D37DA52}
		{7B616126-5219-3CA7-8B92-FB14928AB326} = {7B616126-5219-3CA7-8B92-FB14928AB326}
		{EB7AE6A9-A54F-345B-84EC-40E7BC9C3C02} = {EB7AE6A9-A54F-345B-84EC-40E7BC9C3C02}
		{3FCE7F1D-F7A6-3D4E-9852-D50AA5C74E62} = {3FCE7F1D-F7A6-3D4E-9852-D50AA5C74E62}
		{689AE8C4-C626-3B6F-B684-B7BB6BA4B700} = {689AE8C4-C626-3B6F-B684-B7BB6BA4B700}
		{90C2DCA5-54BA-32DD-94DB-C9FE1ABCAA2A} = {90C2DCA5-54BA-32DD-94DB-C9FE1ABCAA2A}
		{7109FED2-1FE7-3331-B014-D15EBC962B7D} = {7109FED2-1FE7-3331-B014-D15EBC962B7D}
		{1C2D9F57-91A6-32BF-8C39-15C30219CDEB} = {1C2D9F57-91A6-32BF-8C39-15C30219CDEB}
		{BB8356F5-FA1C-3AA7-A0C5-4DE884E91CBD} = {BB8356F5-FA1C-3AA7-A0C5-4DE884E91CBD}
		{5321AA95-13EC-393B-8B6E-50A06F0A9858} = {5321AA95-13EC-393B-8B6E-50A06F0A9858}
		{D29F8C23-2B05-37BC-B0ED-B650BE707A56} = {D29F8C23-2B05-37BC-B0ED-B650BE707A56}
		{DC8CD97B-EA1C-3FCF-9F85-F28754804FBA} = {DC8CD97B-EA1C-3FCF-9F85-F28754804FBA}
		{E21EE5F4-4033-3CFE-AF4E-5B0B64BD488B} = {E21EE5F4-4033-3CFE-AF4E-5B0B64BD488B}
	EndProjectSection
EndProject
Project("{8BC9CEB8-8B4A-11D0-8D11-00A0C91BC942}") = "ZERO_CHECK", "ZERO_CHECK.vcxproj", "{1DB54725-7706-39CE-850B-4D76499621D0}"
	ProjectSection(ProjectDependencies) = postProject
	EndProjectSection
EndProject
Project("{8BC9CEB8-8B4A-11D0-8D11-00A0C91BC942}") = "cocos2d", "engine\cocos\core\cocos2d.vcxproj", "{E7D66A06-7C7B-3562-A832-F6BA5D37DA52}"
	ProjectSection(ProjectDependencies) = postProject
		{1DB54725-7706-39CE-850B-4D76499621D0} = {1DB54725-7706-39CE-850B-4D76499621D0}
		{7B616126-5219-3CA7-8B92-FB14928AB326} = {7B616126-5219-3CA7-8B92-FB14928AB326}
		{EB7AE6A9-A54F-345B-84EC-40E7BC9C3C02} = {EB7AE6A9-A54F-345B-84EC-40E7BC9C3C02}
		{3FCE7F1D-F7A6-3D4E-9852-D50AA5C74E62} = {3FCE7F1D-F7A6-3D4E-9852-D50AA5C74E62}
		{689AE8C4-C626-3B6F-B684-B7BB6BA4B700} = {689AE8C4-C626-3B6F-B684-B7BB6BA4B700}
		{90C2DCA5-54BA-32DD-94DB-C9FE1ABCAA2A} = {90C2DCA5-54BA-32DD-94DB-C9FE1ABCAA2A}
		{7109FED2-1FE7-3331-B014-D15EBC962B7D} = {7109FED2-1FE7-3331-B014-D15EBC962B7D}
		{1C2D9F57-91A6-32BF-8C39-15C30219CDEB} = {1C2D9F57-91A6-32BF-8C39-15C30219CDEB}
		{BB8356F5-FA1C-3AA7-A0C5-4DE884E91CBD} = {BB8356F5-FA1C-3AA7-A0C5-4DE884E91CBD}
		{5321AA95-13EC-393B-8B6E-50A06F0A9858} = {5321AA95-13EC-393B-8B6E-50A06F0A9858}
		{D29F8C23-2B05-37BC-B0ED-B650BE707A56} = {D29F8C23-2B05-37BC-B0ED-B650BE707A56}
		{DC8CD97B-EA1C-3FCF-9F85-F28754804FBA} = {DC8CD97B-EA1C-3FCF-9F85-F28754804FBA}
	EndProjectSection
EndProject
Project("{8BC9CEB8-8B4A-11D0-8D11-00A0C91BC942}") = "ext_clipper", "engine\external\clipper\ext_clipper.vcxproj", "{7B616126-5219-3CA7-8B92-FB14928AB326}"
	ProjectSection(ProjectDependencies) = postProject
		{1DB54725-7706-39CE-850B-4D76499621D0} = {1DB54725-7706-39CE-850B-4D76499621D0}
	EndProjectSection
EndProject
Project("{8BC9CEB8-8B4A-11D0-8D11-00A0C91BC942}") = "ext_convertUTF", "engine\external\ConvertUTF\ext_convertUTF.vcxproj", "{EB7AE6A9-A54F-345B-84EC-40E7BC9C3C02}"
	ProjectSection(ProjectDependencies) = postProject
		{1DB54725-7706-39CE-850B-4D76499621D0} = {1DB54725-7706-39CE-850B-4D76499621D0}
	EndProjectSection
EndProject
Project("{8BC9CEB8-8B4A-11D0-8D11-00A0C91BC942}") = "ext_edtaa3func", "engine\external\edtaa3func\ext_edtaa3func.vcxproj", "{3FCE7F1D-F7A6-3D4E-9852-D50AA5C74E62}"
	ProjectSection(ProjectDependencies) = postProject
		{1DB54725-7706-39CE-850B-4D76499621D0} = {1DB54725-7706-39CE-850B-4D76499621D0}
	EndProjectSection
EndProject
Project("{8BC9CEB8-8B4A-11D0-8D11-00A0C91BC942}") = "ext_md5", "engine\external\md5\ext_md5.vcxproj", "{689AE8C4-C626-3B6F-B684-B7BB6BA4B700}"
	ProjectSection(ProjectDependencies) = postProject
		{1DB54725-7706-39CE-850B-4D76499621D0} = {1DB54725-7706-39CE-850B-4D76499621D0}
	EndProjectSection
EndProject
Project("{8BC9CEB8-8B4A-11D0-8D11-00A0C91BC942}") = "ext_poly2tri", "engine\external\poly2tri\ext_poly2tri.vcxproj", "{90C2DCA5-54BA-32DD-94DB-C9FE1ABCAA2A}"
	ProjectSection(ProjectDependencies) = postProject
		{1DB54725-7706-39CE-850B-4D76499621D0} = {1DB54725-7706-39CE-850B-4D76499621D0}
	EndProjectSection
EndProject
Project("{8BC9CEB8-8B4A-11D0-8D11-00A0C91BC942}") = "ext_recast", "engine\external\recast\ext_recast.vcxproj", "{7109FED2-1FE7-3331-B014-D15EBC962B7D}"
	ProjectSection(ProjectDependencies) = postProject
		{1DB54725-7706-39CE-850B-4D76499621D0} = {1DB54725-7706-39CE-850B-4D76499621D0}
	EndProjectSection
EndProject
Project("{8BC9CEB8-8B4A-11D0-8D11-00A0C91BC942}") = "ext_tinyxml2", "engine\external\tinyxml2\ext_tinyxml2.vcxproj", "{1C2D9F57-91A6-32BF-8C39-15C30219CDEB}"
	ProjectSection(ProjectDependencies) = postProject
		{1DB54725-7706-39CE-850B-4D76499621D0} = {1DB54725-7706-39CE-850B-4D76499621D0}
	EndProjectSection
EndProject
Project("{8BC9CEB8-8B4A-11D0-8D11-00A0C91BC942}") = "ext_unzip", "engine\external\unzip\ext_unzip.vcxproj", "{BB8356F5-FA1C-3AA7-A0C5-4DE884E91CBD}"
	ProjectSection(ProjectDependencies) = postProject
		{1DB54725-7706-39CE-850B-4D76499621D0} = {1DB54725-7706-39CE-850B-4D76499621D0}
	EndProjectSection
EndProject
Project("{8BC9CEB8-8B4A-11D0-8D11-00A0C91BC942}") = "ext_xxhash", "engine\external\xxhash\ext_xxhash.vcxproj", "{5321AA95-13EC-393B-8B6E-50A06F0A9858}"
	ProjectSection(ProjectDependencies) = postProject
		{1DB54725-7706-39CE-850B-4D76499621D0} = {1DB54725-7706-39CE-850B-4D76499621D0}
	EndProjectSection
EndProject
Project("{8BC9CEB8-8B4A-11D0-8D11-00A0C91BC942}") = "ext_xxtea", "engine\external\xxtea\ext_xxtea.vcxproj", "{D29F8C23-2B05-37BC-B0ED-B650BE707A56}"
	ProjectSection(ProjectDependencies) = postProject
		{1DB54725-7706-39CE-850B-4D76499621D0} = {1DB54725-7706-39CE-850B-4D76499621D0}
	EndProjectSection
EndProject
Project("{8BC9CEB8-8B4A-11D0-8D11-00A0C91BC942}") = "external", "engine\external\external.vcxproj", "{DC8CD97B-EA1C-3FCF-9F85-F28754804FBA}"
	ProjectSection(ProjectDependencies) = postProject
		{1DB54725-7706-39CE-850B-4D76499621D0} = {1DB54725-7706-39CE-850B-4D76499621D0}
		{7B616126-5219-3CA7-8B92-FB14928AB326} = {7B616126-5219-3CA7-8B92-FB14928AB326}
		{EB7AE6A9-A54F-345B-84EC-40E7BC9C3C02} = {EB7AE6A9-A54F-345B-84EC-40E7BC9C3C02}
		{3FCE7F1D-F7A6-3D4E-9852-D50AA5C74E62} = {3FCE7F1D-F7A6-3D4E-9852-D50AA5C74E62}
		{689AE8C4-C626-3B6F-B684-B7BB6BA4B700} = {689AE8C4-C626-3B6F-B684-B7BB6BA4B700}
		{90C2DCA5-54BA-32DD-94DB-C9FE1ABCAA2A} = {90C2DCA5-54BA-32DD-94DB-C9FE1ABCAA2A}
		{7109FED2-1FE7-3331-B014-D15EBC962B7D} = {7109FED2-1FE7-3331-B014-D15EBC962B7D}
		{1C2D9F57-91A6-32BF-8C39-15C30219CDEB} = {1C2D9F57-91A6-32BF-8C39-15C30219CDEB}
		{BB8356F5-FA1C-3AA7-A0C5-4DE884E91CBD} = {BB8356F5-FA1C-3AA7-A0C5-4DE884E91CBD}
		{5321AA95-13EC-393B-8B6E-50A06F0A9858} = {5321AA95-13EC-393B-8B6E-50A06F0A9858}
		{D29F8C23-2B05-37BC-B0ED-B650BE707A56} = {D29F8C23-2B05-37BC-B0ED-B650BE707A56}
	EndProjectSection
EndProject
Project("{8BC9CEB8-8B4A-11D0-8D11-00A0C91BC942}") = "soulKnight", "soulKnight.vcxproj", "{E21EE5F4-4033-3CFE-AF4E-5B0B64BD488B}"
	ProjectSection(ProjectDependencies) = postProject
		{1DB54725-7706-39CE-850B-4D76499621D0} = {1DB54725-7706-39CE-850B-4D76499621D0}
		{E7D66A06-7C7B-3562-A832-F6BA5D37DA52} = {E7D66A06-7C7B-3562-A832-F6BA5D37DA52}
		{7B616126-5219-3CA7-8B92-FB14928AB326} = {7B616126-5219-3CA7-8B92-FB14928AB326}
		{EB7AE6A9-A54F-345B-84EC-40E7BC9C3C02} = {EB7AE6A9-A54F-345B-84EC-40E7BC9C3C02}
		{3FCE7F1D-F7A6-3D4E-9852-D50AA5C74E62} = {3FCE7F1D-F7A6-3D4E-9852-D50AA5C74E62}
		{689AE8C4-C626-3B6F-B684-B7BB6BA4B700} = {689AE8C4-C626-3B6F-B684-B7BB6BA4B700}
		{90C2DCA5-54BA-32DD-94DB-C9FE1ABCAA2A} = {90C2DCA5-54BA-32DD-94DB-C9FE1ABCAA2A}
		{7109FED2-1FE7-3331-B014-D15EBC962B7D} = {7109FED2-1FE7-3331-B014-D15EBC962B7D}
		{1C2D9F57-91A6-32BF-8C39-15C30219CDEB} = {1C2D9F57-91A6-32BF-8C39-15C30219CDEB}
		{BB8356F5-FA1C-3AA7-A0C5-4DE884E91CBD} = {BB8356F5-FA1C-3AA7-A0C5-4DE884E91CBD}
		{5321AA95-13EC-393B-8B6E-50A06F0A9858} = {5321AA95-13EC-393B-8B6E-50A06F0A9858}
		{D29F8C23-2B05-37BC-B0ED-B650BE707A56} = {D29F8C23-2B05-37BC-B0ED-B650BE707A56}
		{DC8CD97B-EA1C-3FCF-9F85-F28754804FBA} = {DC8CD97B-EA1C-3FCF-9F85-F28754804FBA}
	EndProjectSection
EndProject
Global
	GlobalSection(SolutionConfigurationPlatforms) = preSolution
		Debug|win32 = Debug|win32
		Release|win32 = Release|win32
	EndGlobalSection
	GlobalSection(ProjectConfigurationPlatforms) = postSolution
		{D2A20C47-BAFF-3C02-88FE-6360F92FA205}.Debug|win32.ActiveCfg = Debug|win32
		{D2A20C47-BAFF-3C02-88FE-6360F92FA205}.Release|win32.ActiveCfg = Release|win32
		{1DB54725-7706-39CE-850B-4D76499621D0}.Debug|win32.ActiveCfg = Debug|win32
		{1DB54725-7706-39CE-850B-4D76499621D0}.Debug|win32.Build.0 = Debug|win32
		{1DB54725-7706-39CE-850B-4D76499621D0}.Release|win32.ActiveCfg = Release|win32
		{1DB54725-7706-39CE-850B-4D76499621D0}.Release|win32.Build.0 = Release|win32
		{E7D66A06-7C7B-3562-A832-F6BA5D37DA52}.Debug|win32.ActiveCfg = Debug|win32
		{E7D66A06-7C7B-3562-A832-F6BA5D37DA52}.Debug|win32.Build.0 = Debug|win32
		{E7D66A06-7C7B-3562-A832-F6BA5D37DA52}.Release|win32.ActiveCfg = Release|win32
		{E7D66A06-7C7B-3562-A832-F6BA5D37DA52}.Release|win32.Build.0 = Release|win32
		{7B616126-5219-3CA7-8B92-FB14928AB326}.Debug|win32.ActiveCfg = Debug|win32
		{7B616126-5219-3CA7-8B92-FB14928AB326}.Debug|win32.Build.0 = Debug|win32
		{7B616126-5219-3CA7-8B92-FB14928AB326}.Release|win32.ActiveCfg = Release|win32
		{7B616126-5219-3CA7-8B92-FB14928AB326}.Release|win32.Build.0 = Release|win32
		{EB7AE6A9-A54F-345B-84EC-40E7BC9C3C02}.Debug|win32.ActiveCfg = Debug|win32
		{EB7AE6A9-A54F-345B-84EC-40E7BC9C3C02}.Debug|win32.Build.0 = Debug|win32
		{EB7AE6A9-A54F-345B-84EC-40E7BC9C3C02}.Release|win32.ActiveCfg = Release|win32
		{EB7AE6A9-A54F-345B-84EC-40E7BC9C3C02}.Release|win32.Build.0 = Release|win32
		{3FCE7F1D-F7A6-3D4E-9852-D50AA5C74E62}.Debug|win32.ActiveCfg = Debug|win32
		{3FCE7F1D-F7A6-3D4E-9852-D50AA5C74E62}.Debug|win32.Build.0 = Debug|win32
		{3FCE7F1D-F7A6-3D4E-9852-D50AA5C74E62}.Release|win32.ActiveCfg = Release|win32
		{3FCE7F1D-F7A6-3D4E-9852-D50AA5C74E62}.Release|win32.Build.0 = Release|win32
		{689AE8C4-C626-3B6F-B684-B7BB6BA4B700}.Debug|win32.ActiveCfg = Debug|win32
		{689AE8C4-C626-3B6F-B684-B7BB6BA4B700}.Debug|win32.Build.0 = Debug|win32
		{689AE8C4-C626-3B6F-B684-B7BB6BA4B700}.Release|win32.ActiveCfg = Release|win32
		{689AE8C4-C626-3B6F-B684-B7BB6BA4B700}.Release|win32.Build.0 = Release|win32
		{90C2DCA5-54BA-32DD-94DB-C9FE1ABCAA2A}.Debug|win32.ActiveCfg = Debug|win32
		{90C2DCA5-54BA-32DD-94DB-C9FE1ABCAA2A}.Debug|win32.Build.0 = Debug|win32
		{90C2DCA5-54BA-32DD-94DB-C9FE1ABCAA2A}.Release|win32.ActiveCfg = Release|win32
		{90C2DCA5-54BA-32DD-94DB-C9FE1ABCAA2A}.Release|win32.Build.0 = Release|win32
		{7109FED2-1FE7-3331-B014-D15EBC962B7D}.Debug|win32.ActiveCfg = Debug|win32
		{7109FED2-1FE7-3331-B014-D15EBC962B7D}.Debug|win32.Build.0 = Debug|win32
		{7109FED2-1FE7-3331-B014-D15EBC962B7D}.Release|win32.ActiveCfg = Release|win32
		{7109FED2-1FE7-3331-B014-D15EBC962B7D}.Release|win32.Build.0 = Release|win32
		{1C2D9F57-91A6-32BF-8C39-15C30219CDEB}.Debug|win32.ActiveCfg = Debug|win32
		{1C2D9F57-91A6-32BF-8C39-15C30219CDEB}.Debug|win32.Build.0 = Debug|win32
		{1C2D9F57-91A6-32BF-8C39-15C30219CDEB}.Release|win32.ActiveCfg = Release|win32
		{1C2D9F57-91A6-32BF-8C39-15C30219CDEB}.Release|win32.Build.0 = Release|win32
		{BB8356F5-FA1C-3AA7-A0C5-4DE884E91CBD}.Debug|win32.ActiveCfg = Debug|win32
		{BB8356F5-FA1C-3AA7-A0C5-4DE884E91CBD}.Debug|win32.Build.0 = Debug|win32
		{BB8356F5-FA1C-3AA7-A0C5-4DE884E91CBD}.Release|win32.ActiveCfg = Release|win32
		{BB8356F5-FA1C-3AA7-A0C5-4DE884E91CBD}.Release|win32.Build.0 = Release|win32
		{5321AA95-13EC-393B-8B6E-50A06F0A9858}.Debug|win32.ActiveCfg = Debug|win32
		{5321AA95-13EC-393B-8B6E-50A06F0A9858}.Debug|win32.Build.0 = Debug|win32
		{5321AA95-13EC-393B-8B6E-50A06F0A9858}.Release|win32.ActiveCfg = Release|win32
		{5321AA95-13EC-393B-8B6E-50A06F0A9858}.Release|win32.Build.0 = Release|win32
		{D29F8C23-2B05-37BC-B0ED-B650BE707A56}.Debug|win32.ActiveCfg = Debug|win32
		{D29F8C23-2B05-37BC-B0ED-B650BE707A56}.Debug|win32.Build.0 = Debug|win32
		{D29F8C23-2B05-37BC-B0ED-B650BE707A56}.Release|win32.ActiveCfg = Release|win32
		{D29F8C23-2B05-37BC-B0ED-B650BE707A56}.Release|win32.Build.0 = Release|win32
		{DC8CD97B-EA1C-3FCF-9F85-F28754804FBA}.Debug|win32.ActiveCfg = Debug|win32
		{DC8CD97B-EA1C-3FCF-9F85-F28754804FBA}.Debug|win32.Build.0 = Debug|win32
		{DC8CD97B-EA1C-3FCF-9F85-F28754804FBA}.Release|win32.ActiveCfg = Release|win32
		{DC8CD97B-EA1C-3FCF-9F85-F28754804FBA}.Release|win32.Build.0 = Release|win32
		{E21EE5F4-4033-3CFE-AF4E-5B0B64BD488B}.Debug|win32.ActiveCfg = Debug|win32
		{E21EE5F4-4033-3CFE-AF4E-5B0B64BD488B}.Debug|win32.Build.0 = Debug|win32
		{E21EE5F4-4033-3CFE-AF4E-5B0B64BD488B}.Release|win32.ActiveCfg = Release|win32
		{E21EE5F4-4033-3CFE-AF4E-5B0B64BD488B}.Release|win32.Build.0 = Release|win32
	EndGlobalSection
	GlobalSection(NestedProjects) = preSolution
		{D2A20C47-BAFF-3C02-88FE-6360F92FA205} = {06DF29B1-3E01-3F4F-80F6-4CBCB82245B3}
		{1DB54725-7706-39CE-850B-4D76499621D0} = {06DF29B1-3E01-3F4F-80F6-4CBCB82245B3}
		{7B616126-5219-3CA7-8B92-FB14928AB326} = {8F75D9C5-F551-355D-A671-04528B1FF1FD}
		{EB7AE6A9-A54F-345B-84EC-40E7BC9C3C02} = {8F75D9C5-F551-355D-A671-04528B1FF1FD}
		{3FCE7F1D-F7A6-3D4E-9852-D50AA5C74E62} = {8F75D9C5-F551-355D-A671-04528B1FF1FD}
		{689AE8C4-C626-3B6F-B684-B7BB6BA4B700} = {8F75D9C5-F551-355D-A671-04528B1FF1FD}
		{90C2DCA5-54BA-32DD-94DB-C9FE1ABCAA2A} = {8F75D9C5-F551-355D-A671-04528B1FF1FD}
		{7109FED2-1FE7-3331-B014-D15EBC962B7D} = {8F75D9C5-F551-355D-A671-04528B1FF1FD}
		{1C2D9F57-91A6-32BF-8C39-15C30219CDEB} = {8F75D9C5-F551-355D-A671-04528B1FF1FD}
		{BB8356F5-FA1C-3AA7-A0C5-4DE884E91CBD} = {8F75D9C5-F551-355D-A671-04528B1FF1FD}
		{5321AA95-13EC-393B-8B6E-50A06F0A9858} = {8F75D9C5-F551-355D-A671-04528B1FF1FD}
		{D29F8C23-2B05-37BC-B0ED-B650BE707A56} = {8F75D9C5-F551-355D-A671-04528B1FF1FD}
		{DC8CD97B-EA1C-3FCF-9F85-F28754804FBA} = {8F75D9C5-F551-355D-A671-04528B1FF1FD}
		{E7D66A06-7C7B-3562-A832-F6BA5D37DA52} = {232C0EB2-4A17-36BB-AF29-177D1D26A106}
	EndGlobalSection
	GlobalSection(ExtensibilityGlobals) = postSolution
		SolutionGuid = {6C7F270D-BF2A-33B3-89D7-64BA99F30C67}
	EndGlobalSection
	GlobalSection(ExtensibilityAddIns) = postSolution
	EndGlobalSection
EndGlobal
