Microsoft Visual Studio Solution File, Format Version 12.00
# Visual Studio 16
Project("{2150E333-8FDC-42A3-9474-1A3956D46DE8}") = "CMakePredefinedTargets", "CMakePredefinedTargets", "{6599C470-F862-3E4A-B67D-3FDDD3D0AC97}"
EndProject
Project("{2150E333-8FDC-42A3-9474-1A3956D46DE8}") = "External", "External", "{131E6C48-DCE4-3918-A0CB-C054423235AD}"
EndProject
Project("{2150E333-8FDC-42A3-9474-1A3956D46DE8}") = "Internal", "Internal", "{2E87519B-A01E-3873-B813-AD323A2A2C2F}"
EndProject
Project("{8BC9CEB8-8B4A-11D0-8D11-00A0C91BC942}") = "ALL_BUILD", "ALL_BUILD.vcxproj", "{0B98693E-B749-3760-89FE-F199C0BE79A3}"
	ProjectSection(ProjectDependencies) = postProject
		{B7572A14-C4CD-3A07-9884-92CBEE2A60BA} = {B7572A14-C4CD-3A07-9884-92CBEE2A60BA}
		{C9928355-50A3-3F6A-A57D-8190D98BD366} = {C9928355-50A3-3F6A-A57D-8190D98BD366}
		{7C3AAF07-DCFA-3321-804F-4E3736D5BF39} = {7C3AAF07-DCFA-3321-804F-4E3736D5BF39}
		{09D57358-19E7-3D6E-A187-65EB248DD7DF} = {09D57358-19E7-3D6E-A187-65EB248DD7DF}
		{F0C4184B-8B23-3956-B5BA-C4A2A424E448} = {F0C4184B-8B23-3956-B5BA-C4A2A424E448}
		{D34F8424-E98F-3A7F-8EAA-DA00EFD1BA8A} = {D34F8424-E98F-3A7F-8EAA-DA00EFD1BA8A}
		{82F05E87-F4DE-31E4-82C0-8DE6DE97AF54} = {82F05E87-F4DE-31E4-82C0-8DE6DE97AF54}
		{B752B75A-12B5-3BC3-8149-381144E66996} = {B752B75A-12B5-3BC3-8149-381144E66996}
		{5E1CC9DD-A5C2-3903-9C6E-AB06C3F131E9} = {5E1CC9DD-A5C2-3903-9C6E-AB06C3F131E9}
		{05A92B4E-8EF2-31CF-9EAE-510E1E10C19D} = {05A92B4E-8EF2-31CF-9EAE-510E1E10C19D}
		{9B51F618-06ED-33AD-8BDD-23663C0CEDC8} = {9B51F618-06ED-33AD-8BDD-23663C0CEDC8}
		{F6D5AD89-5023-3E99-8054-B32FB707B9CA} = {F6D5AD89-5023-3E99-8054-B32FB707B9CA}
		{D53E7DD1-3AB3-3E4A-989E-1A68E3B0BEAA} = {D53E7DD1-3AB3-3E4A-989E-1A68E3B0BEAA}
		{C9791243-FFEE-32BF-B996-7ECF1A1B249F} = {C9791243-FFEE-32BF-B996-7ECF1A1B249F}
	EndProjectSection
EndProject
Project("{8BC9CEB8-8B4A-11D0-8D11-00A0C91BC942}") = "ZERO_CHECK", "ZERO_CHECK.vcxproj", "{B7572A14-C4CD-3A07-9884-92CBEE2A60BA}"
	ProjectSection(ProjectDependencies) = postProject
	EndProjectSection
EndProject
Project("{8BC9CEB8-8B4A-11D0-8D11-00A0C91BC942}") = "cocos2d", "engine\cocos\core\cocos2d.vcxproj", "{C9928355-50A3-3F6A-A57D-8190D98BD366}"
	ProjectSection(ProjectDependencies) = postProject
		{B7572A14-C4CD-3A07-9884-92CBEE2A60BA} = {B7572A14-C4CD-3A07-9884-92CBEE2A60BA}
		{7C3AAF07-DCFA-3321-804F-4E3736D5BF39} = {7C3AAF07-DCFA-3321-804F-4E3736D5BF39}
		{09D57358-19E7-3D6E-A187-65EB248DD7DF} = {09D57358-19E7-3D6E-A187-65EB248DD7DF}
		{F0C4184B-8B23-3956-B5BA-C4A2A424E448} = {F0C4184B-8B23-3956-B5BA-C4A2A424E448}
		{D34F8424-E98F-3A7F-8EAA-DA00EFD1BA8A} = {D34F8424-E98F-3A7F-8EAA-DA00EFD1BA8A}
		{82F05E87-F4DE-31E4-82C0-8DE6DE97AF54} = {82F05E87-F4DE-31E4-82C0-8DE6DE97AF54}
		{B752B75A-12B5-3BC3-8149-381144E66996} = {B752B75A-12B5-3BC3-8149-381144E66996}
		{5E1CC9DD-A5C2-3903-9C6E-AB06C3F131E9} = {5E1CC9DD-A5C2-3903-9C6E-AB06C3F131E9}
		{05A92B4E-8EF2-31CF-9EAE-510E1E10C19D} = {05A92B4E-8EF2-31CF-9EAE-510E1E10C19D}
		{9B51F618-06ED-33AD-8BDD-23663C0CEDC8} = {9B51F618-06ED-33AD-8BDD-23663C0CEDC8}
		{F6D5AD89-5023-3E99-8054-B32FB707B9CA} = {F6D5AD89-5023-3E99-8054-B32FB707B9CA}
		{D53E7DD1-3AB3-3E4A-989E-1A68E3B0BEAA} = {D53E7DD1-3AB3-3E4A-989E-1A68E3B0BEAA}
	EndProjectSection
EndProject
Project("{8BC9CEB8-8B4A-11D0-8D11-00A0C91BC942}") = "ext_clipper", "engine\external\clipper\ext_clipper.vcxproj", "{7C3AAF07-DCFA-3321-804F-4E3736D5BF39}"
	ProjectSection(ProjectDependencies) = postProject
		{B7572A14-C4CD-3A07-9884-92CBEE2A60BA} = {B7572A14-C4CD-3A07-9884-92CBEE2A60BA}
	EndProjectSection
EndProject
Project("{8BC9CEB8-8B4A-11D0-8D11-00A0C91BC942}") = "ext_convertUTF", "engine\external\ConvertUTF\ext_convertUTF.vcxproj", "{09D57358-19E7-3D6E-A187-65EB248DD7DF}"
	ProjectSection(ProjectDependencies) = postProject
		{B7572A14-C4CD-3A07-9884-92CBEE2A60BA} = {B7572A14-C4CD-3A07-9884-92CBEE2A60BA}
	EndProjectSection
EndProject
Project("{8BC9CEB8-8B4A-11D0-8D11-00A0C91BC942}") = "ext_edtaa3func", "engine\external\edtaa3func\ext_edtaa3func.vcxproj", "{F0C4184B-8B23-3956-B5BA-C4A2A424E448}"
	ProjectSection(ProjectDependencies) = postProject
		{B7572A14-C4CD-3A07-9884-92CBEE2A60BA} = {B7572A14-C4CD-3A07-9884-92CBEE2A60BA}
	EndProjectSection
EndProject
Project("{8BC9CEB8-8B4A-11D0-8D11-00A0C91BC942}") = "ext_md5", "engine\external\md5\ext_md5.vcxproj", "{D34F8424-E98F-3A7F-8EAA-DA00EFD1BA8A}"
	ProjectSection(ProjectDependencies) = postProject
		{B7572A14-C4CD-3A07-9884-92CBEE2A60BA} = {B7572A14-C4CD-3A07-9884-92CBEE2A60BA}
	EndProjectSection
EndProject
Project("{8BC9CEB8-8B4A-11D0-8D11-00A0C91BC942}") = "ext_poly2tri", "engine\external\poly2tri\ext_poly2tri.vcxproj", "{82F05E87-F4DE-31E4-82C0-8DE6DE97AF54}"
	ProjectSection(ProjectDependencies) = postProject
		{B7572A14-C4CD-3A07-9884-92CBEE2A60BA} = {B7572A14-C4CD-3A07-9884-92CBEE2A60BA}
	EndProjectSection
EndProject
Project("{8BC9CEB8-8B4A-11D0-8D11-00A0C91BC942}") = "ext_recast", "engine\external\recast\ext_recast.vcxproj", "{B752B75A-12B5-3BC3-8149-381144E66996}"
	ProjectSection(ProjectDependencies) = postProject
		{B7572A14-C4CD-3A07-9884-92CBEE2A60BA} = {B7572A14-C4CD-3A07-9884-92CBEE2A60BA}
	EndProjectSection
EndProject
Project("{8BC9CEB8-8B4A-11D0-8D11-00A0C91BC942}") = "ext_tinyxml2", "engine\external\tinyxml2\ext_tinyxml2.vcxproj", "{5E1CC9DD-A5C2-3903-9C6E-AB06C3F131E9}"
	ProjectSection(ProjectDependencies) = postProject
		{B7572A14-C4CD-3A07-9884-92CBEE2A60BA} = {B7572A14-C4CD-3A07-9884-92CBEE2A60BA}
	EndProjectSection
EndProject
Project("{8BC9CEB8-8B4A-11D0-8D11-00A0C91BC942}") = "ext_unzip", "engine\external\unzip\ext_unzip.vcxproj", "{05A92B4E-8EF2-31CF-9EAE-510E1E10C19D}"
	ProjectSection(ProjectDependencies) = postProject
		{B7572A14-C4CD-3A07-9884-92CBEE2A60BA} = {B7572A14-C4CD-3A07-9884-92CBEE2A60BA}
	EndProjectSection
EndProject
Project("{8BC9CEB8-8B4A-11D0-8D11-00A0C91BC942}") = "ext_xxhash", "engine\external\xxhash\ext_xxhash.vcxproj", "{9B51F618-06ED-33AD-8BDD-23663C0CEDC8}"
	ProjectSection(ProjectDependencies) = postProject
		{B7572A14-C4CD-3A07-9884-92CBEE2A60BA} = {B7572A14-C4CD-3A07-9884-92CBEE2A60BA}
	EndProjectSection
EndProject
Project("{8BC9CEB8-8B4A-11D0-8D11-00A0C91BC942}") = "ext_xxtea", "engine\external\xxtea\ext_xxtea.vcxproj", "{F6D5AD89-5023-3E99-8054-B32FB707B9CA}"
	ProjectSection(ProjectDependencies) = postProject
		{B7572A14-C4CD-3A07-9884-92CBEE2A60BA} = {B7572A14-C4CD-3A07-9884-92CBEE2A60BA}
	EndProjectSection
EndProject
Project("{8BC9CEB8-8B4A-11D0-8D11-00A0C91BC942}") = "external", "engine\external\external.vcxproj", "{D53E7DD1-3AB3-3E4A-989E-1A68E3B0BEAA}"
	ProjectSection(ProjectDependencies) = postProject
		{B7572A14-C4CD-3A07-9884-92CBEE2A60BA} = {B7572A14-C4CD-3A07-9884-92CBEE2A60BA}
		{7C3AAF07-DCFA-3321-804F-4E3736D5BF39} = {7C3AAF07-DCFA-3321-804F-4E3736D5BF39}
		{09D57358-19E7-3D6E-A187-65EB248DD7DF} = {09D57358-19E7-3D6E-A187-65EB248DD7DF}
		{F0C4184B-8B23-3956-B5BA-C4A2A424E448} = {F0C4184B-8B23-3956-B5BA-C4A2A424E448}
		{D34F8424-E98F-3A7F-8EAA-DA00EFD1BA8A} = {D34F8424-E98F-3A7F-8EAA-DA00EFD1BA8A}
		{82F05E87-F4DE-31E4-82C0-8DE6DE97AF54} = {82F05E87-F4DE-31E4-82C0-8DE6DE97AF54}
		{B752B75A-12B5-3BC3-8149-381144E66996} = {B752B75A-12B5-3BC3-8149-381144E66996}
		{5E1CC9DD-A5C2-3903-9C6E-AB06C3F131E9} = {5E1CC9DD-A5C2-3903-9C6E-AB06C3F131E9}
		{05A92B4E-8EF2-31CF-9EAE-510E1E10C19D} = {05A92B4E-8EF2-31CF-9EAE-510E1E10C19D}
		{9B51F618-06ED-33AD-8BDD-23663C0CEDC8} = {9B51F618-06ED-33AD-8BDD-23663C0CEDC8}
		{F6D5AD89-5023-3E99-8054-B32FB707B9CA} = {F6D5AD89-5023-3E99-8054-B32FB707B9CA}
	EndProjectSection
EndProject
Project("{8BC9CEB8-8B4A-11D0-8D11-00A0C91BC942}") = "soulKnight", "soulKnight.vcxproj", "{C9791243-FFEE-32BF-B996-7ECF1A1B249F}"
	ProjectSection(ProjectDependencies) = postProject
		{B7572A14-C4CD-3A07-9884-92CBEE2A60BA} = {B7572A14-C4CD-3A07-9884-92CBEE2A60BA}
		{C9928355-50A3-3F6A-A57D-8190D98BD366} = {C9928355-50A3-3F6A-A57D-8190D98BD366}
		{7C3AAF07-DCFA-3321-804F-4E3736D5BF39} = {7C3AAF07-DCFA-3321-804F-4E3736D5BF39}
		{09D57358-19E7-3D6E-A187-65EB248DD7DF} = {09D57358-19E7-3D6E-A187-65EB248DD7DF}
		{F0C4184B-8B23-3956-B5BA-C4A2A424E448} = {F0C4184B-8B23-3956-B5BA-C4A2A424E448}
		{D34F8424-E98F-3A7F-8EAA-DA00EFD1BA8A} = {D34F8424-E98F-3A7F-8EAA-DA00EFD1BA8A}
		{82F05E87-F4DE-31E4-82C0-8DE6DE97AF54} = {82F05E87-F4DE-31E4-82C0-8DE6DE97AF54}
		{B752B75A-12B5-3BC3-8149-381144E66996} = {B752B75A-12B5-3BC3-8149-381144E66996}
		{5E1CC9DD-A5C2-3903-9C6E-AB06C3F131E9} = {5E1CC9DD-A5C2-3903-9C6E-AB06C3F131E9}
		{05A92B4E-8EF2-31CF-9EAE-510E1E10C19D} = {05A92B4E-8EF2-31CF-9EAE-510E1E10C19D}
		{9B51F618-06ED-33AD-8BDD-23663C0CEDC8} = {9B51F618-06ED-33AD-8BDD-23663C0CEDC8}
		{F6D5AD89-5023-3E99-8054-B32FB707B9CA} = {F6D5AD89-5023-3E99-8054-B32FB707B9CA}
		{D53E7DD1-3AB3-3E4A-989E-1A68E3B0BEAA} = {D53E7DD1-3AB3-3E4A-989E-1A68E3B0BEAA}
	EndProjectSection
EndProject
Global
	GlobalSection(SolutionConfigurationPlatforms) = preSolution
		Debug|win32 = Debug|win32
		Release|win32 = Release|win32
	EndGlobalSection
	GlobalSection(ProjectConfigurationPlatforms) = postSolution
		{0B98693E-B749-3760-89FE-F199C0BE79A3}.Debug|win32.ActiveCfg = Debug|win32
		{0B98693E-B749-3760-89FE-F199C0BE79A3}.Release|win32.ActiveCfg = Release|win32
		{B7572A14-C4CD-3A07-9884-92CBEE2A60BA}.Debug|win32.ActiveCfg = Debug|win32
		{B7572A14-C4CD-3A07-9884-92CBEE2A60BA}.Debug|win32.Build.0 = Debug|win32
		{B7572A14-C4CD-3A07-9884-92CBEE2A60BA}.Release|win32.ActiveCfg = Release|win32
		{B7572A14-C4CD-3A07-9884-92CBEE2A60BA}.Release|win32.Build.0 = Release|win32
		{C9928355-50A3-3F6A-A57D-8190D98BD366}.Debug|win32.ActiveCfg = Debug|win32
		{C9928355-50A3-3F6A-A57D-8190D98BD366}.Debug|win32.Build.0 = Debug|win32
		{C9928355-50A3-3F6A-A57D-8190D98BD366}.Release|win32.ActiveCfg = Release|win32
		{C9928355-50A3-3F6A-A57D-8190D98BD366}.Release|win32.Build.0 = Release|win32
		{7C3AAF07-DCFA-3321-804F-4E3736D5BF39}.Debug|win32.ActiveCfg = Debug|win32
		{7C3AAF07-DCFA-3321-804F-4E3736D5BF39}.Debug|win32.Build.0 = Debug|win32
		{7C3AAF07-DCFA-3321-804F-4E3736D5BF39}.Release|win32.ActiveCfg = Release|win32
		{7C3AAF07-DCFA-3321-804F-4E3736D5BF39}.Release|win32.Build.0 = Release|win32
		{09D57358-19E7-3D6E-A187-65EB248DD7DF}.Debug|win32.ActiveCfg = Debug|win32
		{09D57358-19E7-3D6E-A187-65EB248DD7DF}.Debug|win32.Build.0 = Debug|win32
		{09D57358-19E7-3D6E-A187-65EB248DD7DF}.Release|win32.ActiveCfg = Release|win32
		{09D57358-19E7-3D6E-A187-65EB248DD7DF}.Release|win32.Build.0 = Release|win32
		{F0C4184B-8B23-3956-B5BA-C4A2A424E448}.Debug|win32.ActiveCfg = Debug|win32
		{F0C4184B-8B23-3956-B5BA-C4A2A424E448}.Debug|win32.Build.0 = Debug|win32
		{F0C4184B-8B23-3956-B5BA-C4A2A424E448}.Release|win32.ActiveCfg = Release|win32
		{F0C4184B-8B23-3956-B5BA-C4A2A424E448}.Release|win32.Build.0 = Release|win32
		{D34F8424-E98F-3A7F-8EAA-DA00EFD1BA8A}.Debug|win32.ActiveCfg = Debug|win32
		{D34F8424-E98F-3A7F-8EAA-DA00EFD1BA8A}.Debug|win32.Build.0 = Debug|win32
		{D34F8424-E98F-3A7F-8EAA-DA00EFD1BA8A}.Release|win32.ActiveCfg = Release|win32
		{D34F8424-E98F-3A7F-8EAA-DA00EFD1BA8A}.Release|win32.Build.0 = Release|win32
		{82F05E87-F4DE-31E4-82C0-8DE6DE97AF54}.Debug|win32.ActiveCfg = Debug|win32
		{82F05E87-F4DE-31E4-82C0-8DE6DE97AF54}.Debug|win32.Build.0 = Debug|win32
		{82F05E87-F4DE-31E4-82C0-8DE6DE97AF54}.Release|win32.ActiveCfg = Release|win32
		{82F05E87-F4DE-31E4-82C0-8DE6DE97AF54}.Release|win32.Build.0 = Release|win32
		{B752B75A-12B5-3BC3-8149-381144E66996}.Debug|win32.ActiveCfg = Debug|win32
		{B752B75A-12B5-3BC3-8149-381144E66996}.Debug|win32.Build.0 = Debug|win32
		{B752B75A-12B5-3BC3-8149-381144E66996}.Release|win32.ActiveCfg = Release|win32
		{B752B75A-12B5-3BC3-8149-381144E66996}.Release|win32.Build.0 = Release|win32
		{5E1CC9DD-A5C2-3903-9C6E-AB06C3F131E9}.Debug|win32.ActiveCfg = Debug|win32
		{5E1CC9DD-A5C2-3903-9C6E-AB06C3F131E9}.Debug|win32.Build.0 = Debug|win32
		{5E1CC9DD-A5C2-3903-9C6E-AB06C3F131E9}.Release|win32.ActiveCfg = Release|win32
		{5E1CC9DD-A5C2-3903-9C6E-AB06C3F131E9}.Release|win32.Build.0 = Release|win32
		{05A92B4E-8EF2-31CF-9EAE-510E1E10C19D}.Debug|win32.ActiveCfg = Debug|win32
		{05A92B4E-8EF2-31CF-9EAE-510E1E10C19D}.Debug|win32.Build.0 = Debug|win32
		{05A92B4E-8EF2-31CF-9EAE-510E1E10C19D}.Release|win32.ActiveCfg = Release|win32
		{05A92B4E-8EF2-31CF-9EAE-510E1E10C19D}.Release|win32.Build.0 = Release|win32
		{9B51F618-06ED-33AD-8BDD-23663C0CEDC8}.Debug|win32.ActiveCfg = Debug|win32
		{9B51F618-06ED-33AD-8BDD-23663C0CEDC8}.Debug|win32.Build.0 = Debug|win32
		{9B51F618-06ED-33AD-8BDD-23663C0CEDC8}.Release|win32.ActiveCfg = Release|win32
		{9B51F618-06ED-33AD-8BDD-23663C0CEDC8}.Release|win32.Build.0 = Release|win32
		{F6D5AD89-5023-3E99-8054-B32FB707B9CA}.Debug|win32.ActiveCfg = Debug|win32
		{F6D5AD89-5023-3E99-8054-B32FB707B9CA}.Debug|win32.Build.0 = Debug|win32
		{F6D5AD89-5023-3E99-8054-B32FB707B9CA}.Release|win32.ActiveCfg = Release|win32
		{F6D5AD89-5023-3E99-8054-B32FB707B9CA}.Release|win32.Build.0 = Release|win32
		{D53E7DD1-3AB3-3E4A-989E-1A68E3B0BEAA}.Debug|win32.ActiveCfg = Debug|win32
		{D53E7DD1-3AB3-3E4A-989E-1A68E3B0BEAA}.Debug|win32.Build.0 = Debug|win32
		{D53E7DD1-3AB3-3E4A-989E-1A68E3B0BEAA}.Release|win32.ActiveCfg = Release|win32
		{D53E7DD1-3AB3-3E4A-989E-1A68E3B0BEAA}.Release|win32.Build.0 = Release|win32
		{C9791243-FFEE-32BF-B996-7ECF1A1B249F}.Debug|win32.ActiveCfg = Debug|win32
		{C9791243-FFEE-32BF-B996-7ECF1A1B249F}.Debug|win32.Build.0 = Debug|win32
		{C9791243-FFEE-32BF-B996-7ECF1A1B249F}.Release|win32.ActiveCfg = Release|win32
		{C9791243-FFEE-32BF-B996-7ECF1A1B249F}.Release|win32.Build.0 = Release|win32
	EndGlobalSection
	GlobalSection(NestedProjects) = preSolution
		{0B98693E-B749-3760-89FE-F199C0BE79A3} = {6599C470-F862-3E4A-B67D-3FDDD3D0AC97}
		{B7572A14-C4CD-3A07-9884-92CBEE2A60BA} = {6599C470-F862-3E4A-B67D-3FDDD3D0AC97}
		{7C3AAF07-DCFA-3321-804F-4E3736D5BF39} = {131E6C48-DCE4-3918-A0CB-C054423235AD}
		{09D57358-19E7-3D6E-A187-65EB248DD7DF} = {131E6C48-DCE4-3918-A0CB-C054423235AD}
		{F0C4184B-8B23-3956-B5BA-C4A2A424E448} = {131E6C48-DCE4-3918-A0CB-C054423235AD}
		{D34F8424-E98F-3A7F-8EAA-DA00EFD1BA8A} = {131E6C48-DCE4-3918-A0CB-C054423235AD}
		{82F05E87-F4DE-31E4-82C0-8DE6DE97AF54} = {131E6C48-DCE4-3918-A0CB-C054423235AD}
		{B752B75A-12B5-3BC3-8149-381144E66996} = {131E6C48-DCE4-3918-A0CB-C054423235AD}
		{5E1CC9DD-A5C2-3903-9C6E-AB06C3F131E9} = {131E6C48-DCE4-3918-A0CB-C054423235AD}
		{05A92B4E-8EF2-31CF-9EAE-510E1E10C19D} = {131E6C48-DCE4-3918-A0CB-C054423235AD}
		{9B51F618-06ED-33AD-8BDD-23663C0CEDC8} = {131E6C48-DCE4-3918-A0CB-C054423235AD}
		{F6D5AD89-5023-3E99-8054-B32FB707B9CA} = {131E6C48-DCE4-3918-A0CB-C054423235AD}
		{D53E7DD1-3AB3-3E4A-989E-1A68E3B0BEAA} = {131E6C48-DCE4-3918-A0CB-C054423235AD}
		{C9928355-50A3-3F6A-A57D-8190D98BD366} = {2E87519B-A01E-3873-B813-AD323A2A2C2F}
	EndGlobalSection
	GlobalSection(ExtensibilityGlobals) = postSolution
		SolutionGuid = {9F84DF70-246B-37BD-BAE3-E54951891243}
	EndGlobalSection
	GlobalSection(ExtensibilityAddIns) = postSolution
	EndGlobalSection
EndGlobal
